darvaza.org/cache/x/simplelru v0.2.1 h1:i7TsPAappuHqU6DzNSKapvit/bxsbll2iz58S9Sl6rE=
darvaza.org/cache/x/simplelru v0.2.1/go.mod h1:kOuG+6uPO8eRK4xpwMPxFHlYEmhirz7+q4LaueCFTpM=
darvaza.org/core v0.16.3 h1:Q6pLcbvcBg42cgldEFcln7q6rIbbShDwJVqjSuRDY+U=
darvaza.org/core v0.16.3/go.mod h1:2waZw8lmo4E9B/R9XltA2bcUmZQURwEoct1iPLesDEQ=
darvaza.org/slog v0.6.2 h1:EH+xYvrzI9uI8YhMSoGex+Im509Rz73oVqj0jDH71Ag=
darvaza.org/slog v0.6.2/go.mod h1:BRZRLBroPejx5p7KWHlD4AmF4MkEr7wxOCHXOGnRrWo=
darvaza.org/slog/handlers/discard v0.5.2 h1:LpVjzSs6ihcG5TJmyMotO5/aOhuw6EdkXc1J1Kx0YlI=
darvaza.org/slog/handlers/discard v0.5.2/go.mod h1:5TDfOFOGrMO5LZtv+EqRhHCtOsOYlC5wIoMWPGq8pIw=
github.com/google/go-cmp v0.6.0 h1:ofyhxvXcZhMsU5ulbFiLKl/XBFqE1GSq7atu8tAmTRI=
github.com/google/go-cmp v0.6.0/go.mod h1:17dUlkBOakJ0+DkrSSNjCkIjxS6bF9zb3elmeNGIjoY=
github.com/miekg/dns v1.1.65 h1:0+tIPHzUW0GCge7IiK3guGP57VAw7hoPDfApjkMD1Fc=
github.com/miekg/dns v1.1.65/go.mod h1:Dzw9769uoKVaLuODMDZz9M6ynFU6Em65csPuoi8G0ck=
golang.org/x/mod v0.34.0 h1:xIHgNUUnW6sYkcM5Jleh05DvLOtwc6RitGHbDk4akRI=
golang.org/x/mod v0.34.0/go.mod h1:ykgH52iCZe79kzLLMhyCUzhMci+nQj+0XkbXpNYtVjY=
golang.org/x/net v0.53.0 h1:d+qAbo5L0orcWAr0a9JweQpjXF19LMXJE8Ey7hwOdUA=
golang.org/x/net v0.53.0/go.mod h1:JvMuJH7rrdiCfbeHoo3fCQU24Lf5JJwT9W3sJFulfgs=
golang.org/x/sync v0.20.0 h1:e0PTpb7pjO8GAtTs2dQ6jYa5BWYlMuX047Dco/pItO4=
golang.org/x/sync v0.20.0/go.mod h1:9xrNwdLfx4jkKbNva9FpL6vEN7evnE43NNNJQ2LF3+0=
golang.org/x/sys v0.43.0 h1:Rlag2XtaFTxp19wS8MXlJwTvoh8ArU6ezoyFsMyCTNI=
golang.org/x/sys v0.43.0/go.mod h1:4GL1E5IUh+htKOUEOaiffhrAeqysfVGipDYzABqnCmw=
golang.org/x/text v0.36.0 h1:JfKh3XmcRPqZPKevfXVpI1wXPTqbkE5f7JA92a55Yxg=
golang.org/x/text v0.36.0/go.mod h1:NIdBknypM8iqVmPiuco0Dh6P5Jcdk8lJL0CUebqK164=
golang.org/x/tools v0.43.0 h1:12BdW9CeB3Z+J/I/wj34VMl8X+fEXBxVR90JeMX5E7s=
golang.org/x/tools v0.43.0/go.mod h1:uHkMso649BX2cZK6+RpuIPXS3ho2hZo4FVwfoy1vIk0=
