darvaza.org/cache/x/simplelru v0.2.1 h1:i7TsPAappuHqU6DzNSKapvit/bxsbll2iz58S9Sl6rE=
darvaza.org/cache/x/simplelru v0.2.1/go.mod h1:kOuG+6uPO8eRK4xpwMPxFHlYEmhirz7+q4LaueCFTpM=
darvaza.org/core v0.16.3 h1:Q6pLcbvcBg42cgldEFcln7q6rIbbShDwJVqjSuRDY+U=
darvaza.org/core v0.16.3/go.mod h1:2waZw8lmo4E9B/R9XltA2bcUmZQURwEoct1iPLesDEQ=
darvaza.org/slog v0.6.2 h1:EH+xYvrzI9uI8YhMSoGex+Im509Rz73oVqj0jDH71Ag=
darvaza.org/slog v0.6.2/go.mod h1:BRZRLBroPejx5p7KWHlD4AmF4MkEr7wxOCHXOGnRrWo=
darvaza.org/slog/handlers/discard v0.5.2 h1:LpVjzSs6ihcG5TJmyMotO5/aOhuw6EdkXc1J1Kx0YlI=
darvaza.org/slog/handlers/discard v0.5.2/go.mod h1:5TDfOFOGrMO5LZtv+EqRhHCtOsOYlC5wIoMWPGq8pIw=
github.com/google/go-cmp v0.6.0 h1:ofyhxvXcZhMsU5ulbFiLKl/XBFqE1GSq7atu8tAmTRI=
github.com/google/go-cmp v0.6.0/go.mod h1:17dUlkBOakJ0+DkrSSNjCkIjxS6bF9zb3elmeNGIjoY=
github.com/miekg/dns v1.1.65 h1:0+tIPHzUW0GCge7IiK3guGP57VAw7hoPDfApjkMD1Fc=
github.com/miekg/dns v1.1.65/go.mod h1:Dzw9769uoKVaLuODMDZz9M6ynFU6Em65csPuoi8G0ck=
golang.org/x/mod v0.35.0 h1:Ww1D637e6Pg+Zb2KrWfHQUnH2dQRLBQyAtpr/haaJeM=
golang.org/x/mod v0.35.0/go.mod h1:+GwiRhIInF8wPm+4AoT6L0FA1QWAad3OMdTRx4tFYlU=
golang.org/x/net v0.55.0 h1:bcvxaJn3e1U6InsFWt1JUq1aSjnRxLzT2rtD2KfkDF8=
golang.org/x/net v0.55.0/go.mod h1:L5U2KuzuOe1lY7Z+aWVIKK6qEeJXnXV9yzGA+WCHJww=
golang.org/x/sync v0.20.0 h1:e0PTpb7pjO8GAtTs2dQ6jYa5BWYlMuX047Dco/pItO4=
golang.org/x/sync v0.20.0/go.mod h1:9xrNwdLfx4jkKbNva9FpL6vEN7evnE43NNNJQ2LF3+0=
golang.org/x/sys v0.45.0 h1:dO4czNzziLiiXplLQgBCEpCvXQ3dnkn0SdaZSYdQ+FY=
golang.org/x/sys v0.45.0/go.mod h1:4GL1E5IUh+htKOUEOaiffhrAeqysfVGipDYzABqnCmw=
golang.org/x/text v0.37.0 h1:Cqjiwd9eSg8e0QAkyCaQTNHFIIzWtidPahFWR83rTrc=
golang.org/x/text v0.37.0/go.mod h1:a5sjxXGs9hsn/AJVwuElvCAo9v8QYLzvavO5z2PiM38=
golang.org/x/tools v0.44.0 h1:UP4ajHPIcuMjT1GqzDWRlalUEoY+uzoZKnhOjbIPD2c=
golang.org/x/tools v0.44.0/go.mod h1:KA0AfVErSdxRZIsOVipbv3rQhVXTnlU6UhKxHd1seDI=
